
Microsoft Visual Studio Solution File, Format Version 12.00
# Visual Studio Version 17
VisualStudioVersion = 17.3.32819.101
MinimumVisualStudioVersion = 10.0.40219.1
Project("{FAE04EC0-301F-11D3-BF4B-00C04F79EFBC}") = "WebApplication2", "WebApplication2.csproj", "{FBF0CF10-00BC-4A44-B802-DB1D8B519946}"
EndProject
Global
	GlobalSection(SolutionConfigurationPlatforms) = preSolution
		Debug|Any CPU = Debug|Any CPU
		Release|Any CPU = Release|Any CPU
	EndGlobalSection
	GlobalSection(ProjectConfigurationPlatforms) = postSolution
		{FBF0CF10-00BC-4A44-B802-DB1D8B519946}.Debug|Any CPU.ActiveCfg = Debug|Any CPU
		{FBF0CF10-00BC-4A44-B802-DB1D8B519946}.Debug|Any CPU.Build.0 = Debug|Any CPU
		{FBF0CF10-00BC-4A44-B802-DB1D8B519946}.Release|Any CPU.ActiveCfg = Release|Any CPU
		{FBF0CF10-00BC-4A44-B802-DB1D8B519946}.Release|Any CPU.Build.0 = Release|Any CPU
	EndGlobalSection
	GlobalSection(SolutionProperties) = preSolution
		HideSolutionNode = FALSE
	EndGlobalSection
	GlobalSection(ExtensibilityGlobals) = postSolution
		SolutionGuid = {7B5097A5-79ED-44EA-8F0F-F1FCCD4D4549}
	EndGlobalSection
EndGlobal
